
Microsoft Visual Studio Solution File, Format Version 12.00
# Visual Studio Version 16
VisualStudioVersion = 16.0.31321.278
MinimumVisualStudioVersion = 10.0.40219.1
Project("{8BC9CEB8-8B4A-11D0-8D11-00A0C91BC942}") = "Project22", "Project22\Project22.vcxproj", "{88CCD38B-C3A3-4440-8F8A-84B1EA4A80BE}"
EndProject
Global
	GlobalSection(SolutionConfigurationPlatforms) = preSolution
		Debug|x64 = Debug|x64
		Debug|x86 = Debug|x86
		Release|x64 = Release|x64
		Release|x86 = Release|x86
	EndGlobalSection
	GlobalSection(ProjectConfigurationPlatforms) = postSolution
		{88CCD38B-C3A3-4440-8F8A-84B1EA4A80BE}.Debug|x64.ActiveCfg = Debug|x64
		{88CCD38B-C3A3-4440-8F8A-84B1EA4A80BE}.Debug|x64.Build.0 = Debug|x64
		{88CCD38B-C3A3-4440-8F8A-84B1EA4A80BE}.Debug|x86.ActiveCfg = Debug|Win32
		{88CCD38B-C3A3-4440-8F8A-84B1EA4A80BE}.Debug|x86.Build.0 = Debug|Win32
		{88CCD38B-C3A3-4440-8F8A-84B1EA4A80BE}.Release|x64.ActiveCfg = Release|x64
		{88CCD38B-C3A3-4440-8F8A-84B1EA4A80BE}.Release|x64.Build.0 = Release|x64
		{88CCD38B-C3A3-4440-8F8A-84B1EA4A80BE}.Release|x86.ActiveCfg = Release|Win32
		{88CCD38B-C3A3-4440-8F8A-84B1EA4A80BE}.Release|x86.Build.0 = Release|Win32
	EndGlobalSection
	GlobalSection(SolutionProperties) = preSolution
		HideSolutionNode = FALSE
	EndGlobalSection
	GlobalSection(ExtensibilityGlobals) = postSolution
		SolutionGuid = {2E818158-B2D9-4C81-B0AE-D399D7090BCB}
	EndGlobalSection
EndGlobal
